
Microsoft Visual Studio Solution File, Format Version 12.00
# Visual Studio Version 16
VisualStudioVersion = 16.0.30621.155
MinimumVisualStudioVersion = 10.0.40219.1
Project("{9A19103F-16F7-4668-BE54-9A1E7A4F7556}") = "API", "API\API.csproj", "{F28C054D-6382-4905-A9EF-F65B7DC11197}"
EndProject
Project("{9A19103F-16F7-4668-BE54-9A1E7A4F7556}") = "APIHandler", "APIHandler\APIHandler.csproj", "{0612D28D-E88C-4959-896E-CF72919AFF70}"
EndProject
Project("{9A19103F-16F7-4668-BE54-9A1E7A4F7556}") = "APIDataAccess", "APIDataAccess\APIDataAccess.csproj", "{2F1AE501-1C5C-4528-A456-2D603511C208}"
EndProject
Project("{00D1A9C2-B5F0-4AF3-8072-F6C62B433612}") = "DiabetesDB", "DiabetesDB\DiabetesDB.sqlproj", "{AAC9F9CA-45D7-426D-BD81-DAFB65596F08}"
EndProject
Project("{2150E333-8FDC-42A3-9474-1A3956D46DE8}") = "Backend", "Backend", "{909278EE-CDC7-4F24-B5DE-394A6E9119FF}"
EndProject
Project("{2150E333-8FDC-42A3-9474-1A3956D46DE8}") = "Frontend", "Frontend", "{6E62EF29-6A41-400D-BCA6-CB5E87A04DC9}"
EndProject
Project("{2150E333-8FDC-42A3-9474-1A3956D46DE8}") = "Testing", "Testing", "{8F8F6931-C780-43F3-9F60-4328510C5554}"
EndProject
Project("{9A19103F-16F7-4668-BE54-9A1E7A4F7556}") = "APIDataAccess.Tests", "APIDataAccess.Tests\APIDataAccess.Tests.csproj", "{D4C30F8F-8766-4D30-94AB-AAB428789C7D}"
EndProject
Project("{9A19103F-16F7-4668-BE54-9A1E7A4F7556}") = "APIHandler.Tests", "APIHandler.Tests\APIHandler.Tests.csproj", "{0717617B-F40E-4049-968A-29DD95C41DF2}"
EndProject
Project("{9A19103F-16F7-4668-BE54-9A1E7A4F7556}") = "API.Tests", "API.Tests\API.Tests.csproj", "{1928E9AA-5072-4702-8CEA-1C1AA9AAB8E8}"
EndProject
Project("{9A19103F-16F7-4668-BE54-9A1E7A4F7556}") = "PWA", "PWA\PWA.csproj", "{7793E7E6-C702-4C0F-BA6D-4105FA669866}"
EndProject
Project("{9A19103F-16F7-4668-BE54-9A1E7A4F7556}") = "PWA.Library", "PWA.Library\PWA.Library.csproj", "{FB9D6F1E-2705-4697-99D1-1B2B25A97E4C}"
EndProject
Project("{9A19103F-16F7-4668-BE54-9A1E7A4F7556}") = "PWA.Library.Tests", "PWA.Library.Tests\PWA.Library.Tests.csproj", "{7B0E2248-447F-4EE8-8D05-2E66011820C7}"
EndProject
Global
	GlobalSection(SolutionConfigurationPlatforms) = preSolution
		Debug|Any CPU = Debug|Any CPU
		Release|Any CPU = Release|Any CPU
	EndGlobalSection
	GlobalSection(ProjectConfigurationPlatforms) = postSolution
		{F28C054D-6382-4905-A9EF-F65B7DC11197}.Debug|Any CPU.ActiveCfg = Debug|Any CPU
		{F28C054D-6382-4905-A9EF-F65B7DC11197}.Debug|Any CPU.Build.0 = Debug|Any CPU
		{F28C054D-6382-4905-A9EF-F65B7DC11197}.Release|Any CPU.ActiveCfg = Release|Any CPU
		{F28C054D-6382-4905-A9EF-F65B7DC11197}.Release|Any CPU.Build.0 = Release|Any CPU
		{0612D28D-E88C-4959-896E-CF72919AFF70}.Debug|Any CPU.ActiveCfg = Debug|Any CPU
		{0612D28D-E88C-4959-896E-CF72919AFF70}.Debug|Any CPU.Build.0 = Debug|Any CPU
		{0612D28D-E88C-4959-896E-CF72919AFF70}.Release|Any CPU.ActiveCfg = Release|Any CPU
		{0612D28D-E88C-4959-896E-CF72919AFF70}.Release|Any CPU.Build.0 = Release|Any CPU
		{2F1AE501-1C5C-4528-A456-2D603511C208}.Debug|Any CPU.ActiveCfg = Debug|Any CPU
		{2F1AE501-1C5C-4528-A456-2D603511C208}.Debug|Any CPU.Build.0 = Debug|Any CPU
		{2F1AE501-1C5C-4528-A456-2D603511C208}.Release|Any CPU.ActiveCfg = Release|Any CPU
		{2F1AE501-1C5C-4528-A456-2D603511C208}.Release|Any CPU.Build.0 = Release|Any CPU
		{AAC9F9CA-45D7-426D-BD81-DAFB65596F08}.Debug|Any CPU.ActiveCfg = Debug|Any CPU
		{AAC9F9CA-45D7-426D-BD81-DAFB65596F08}.Debug|Any CPU.Build.0 = Debug|Any CPU
		{AAC9F9CA-45D7-426D-BD81-DAFB65596F08}.Debug|Any CPU.Deploy.0 = Debug|Any CPU
		{AAC9F9CA-45D7-426D-BD81-DAFB65596F08}.Release|Any CPU.ActiveCfg = Release|Any CPU
		{AAC9F9CA-45D7-426D-BD81-DAFB65596F08}.Release|Any CPU.Build.0 = Release|Any CPU
		{AAC9F9CA-45D7-426D-BD81-DAFB65596F08}.Release|Any CPU.Deploy.0 = Release|Any CPU
		{D4C30F8F-8766-4D30-94AB-AAB428789C7D}.Debug|Any CPU.ActiveCfg = Debug|Any CPU
		{D4C30F8F-8766-4D30-94AB-AAB428789C7D}.Debug|Any CPU.Build.0 = Debug|Any CPU
		{D4C30F8F-8766-4D30-94AB-AAB428789C7D}.Release|Any CPU.ActiveCfg = Release|Any CPU
		{D4C30F8F-8766-4D30-94AB-AAB428789C7D}.Release|Any CPU.Build.0 = Release|Any CPU
		{0717617B-F40E-4049-968A-29DD95C41DF2}.Debug|Any CPU.ActiveCfg = Debug|Any CPU
		{0717617B-F40E-4049-968A-29DD95C41DF2}.Debug|Any CPU.Build.0 = Debug|Any CPU
		{0717617B-F40E-4049-968A-29DD95C41DF2}.Release|Any CPU.ActiveCfg = Release|Any CPU
		{0717617B-F40E-4049-968A-29DD95C41DF2}.Release|Any CPU.Build.0 = Release|Any CPU
		{1928E9AA-5072-4702-8CEA-1C1AA9AAB8E8}.Debug|Any CPU.ActiveCfg = Debug|Any CPU
		{1928E9AA-5072-4702-8CEA-1C1AA9AAB8E8}.Debug|Any CPU.Build.0 = Debug|Any CPU
		{1928E9AA-5072-4702-8CEA-1C1AA9AAB8E8}.Release|Any CPU.ActiveCfg = Release|Any CPU
		{1928E9AA-5072-4702-8CEA-1C1AA9AAB8E8}.Release|Any CPU.Build.0 = Release|Any CPU
		{7793E7E6-C702-4C0F-BA6D-4105FA669866}.Debug|Any CPU.ActiveCfg = Debug|Any CPU
		{7793E7E6-C702-4C0F-BA6D-4105FA669866}.Debug|Any CPU.Build.0 = Debug|Any CPU
		{7793E7E6-C702-4C0F-BA6D-4105FA669866}.Release|Any CPU.ActiveCfg = Release|Any CPU
		{7793E7E6-C702-4C0F-BA6D-4105FA669866}.Release|Any CPU.Build.0 = Release|Any CPU
		{FB9D6F1E-2705-4697-99D1-1B2B25A97E4C}.Debug|Any CPU.ActiveCfg = Debug|Any CPU
		{FB9D6F1E-2705-4697-99D1-1B2B25A97E4C}.Debug|Any CPU.Build.0 = Debug|Any CPU
		{FB9D6F1E-2705-4697-99D1-1B2B25A97E4C}.Release|Any CPU.ActiveCfg = Release|Any CPU
		{FB9D6F1E-2705-4697-99D1-1B2B25A97E4C}.Release|Any CPU.Build.0 = Release|Any CPU
		{7B0E2248-447F-4EE8-8D05-2E66011820C7}.Debug|Any CPU.ActiveCfg = Debug|Any CPU
		{7B0E2248-447F-4EE8-8D05-2E66011820C7}.Debug|Any CPU.Build.0 = Debug|Any CPU
		{7B0E2248-447F-4EE8-8D05-2E66011820C7}.Release|Any CPU.ActiveCfg = Release|Any CPU
		{7B0E2248-447F-4EE8-8D05-2E66011820C7}.Release|Any CPU.Build.0 = Release|Any CPU
	EndGlobalSection
	GlobalSection(SolutionProperties) = preSolution
		HideSolutionNode = FALSE
	EndGlobalSection
	GlobalSection(NestedProjects) = preSolution
		{F28C054D-6382-4905-A9EF-F65B7DC11197} = {909278EE-CDC7-4F24-B5DE-394A6E9119FF}
		{0612D28D-E88C-4959-896E-CF72919AFF70} = {909278EE-CDC7-4F24-B5DE-394A6E9119FF}
		{2F1AE501-1C5C-4528-A456-2D603511C208} = {909278EE-CDC7-4F24-B5DE-394A6E9119FF}
		{D4C30F8F-8766-4D30-94AB-AAB428789C7D} = {8F8F6931-C780-43F3-9F60-4328510C5554}
		{0717617B-F40E-4049-968A-29DD95C41DF2} = {8F8F6931-C780-43F3-9F60-4328510C5554}
		{1928E9AA-5072-4702-8CEA-1C1AA9AAB8E8} = {8F8F6931-C780-43F3-9F60-4328510C5554}
		{7793E7E6-C702-4C0F-BA6D-4105FA669866} = {6E62EF29-6A41-400D-BCA6-CB5E87A04DC9}
		{FB9D6F1E-2705-4697-99D1-1B2B25A97E4C} = {6E62EF29-6A41-400D-BCA6-CB5E87A04DC9}
		{7B0E2248-447F-4EE8-8D05-2E66011820C7} = {8F8F6931-C780-43F3-9F60-4328510C5554}
	EndGlobalSection
	GlobalSection(ExtensibilityGlobals) = postSolution
		SolutionGuid = {0289E710-21D9-4E9A-9593-CAED65C47F49}
	EndGlobalSection
EndGlobal
